{
  "version": 4,
  "terraform_version": "0.14.9",
  "serial": 95,
  "lineage": "59edbcf7-739b-5355-b524-21693c7fc1ea",
  "outputs": {
    "Client-connect": {
      "value": "ssh akarpyza@35.223.250.14",
      "type": "string"
    },
    "Link-to-web-UI": {
      "value": "http://104.154.26.66/ldapadmin/",
      "type": "string"
    }
  },
  "resources": [
    {
      "module": "module.instances",
      "mode": "managed",
      "type": "google_compute_instance",
      "name": "client",
      "provider": "provider[\"registry.terraform.io/hashicorp/google\"]",
      "instances": [
        {
          "schema_version": 6,
          "attributes": {
            "allow_stopping_for_update": true,
            "attached_disk": [],
            "boot_disk": [
              {
                "auto_delete": true,
                "device_name": "persistent-disk-0",
                "disk_encryption_key_raw": "",
                "disk_encryption_key_sha256": "",
                "initialize_params": [
                  {
                    "image": "https://www.googleapis.com/compute/v1/projects/centos-cloud/global/images/centos-7-v20210401",
                    "labels": {},
                    "size": 20,
                    "type": "pd-ssd"
                  }
                ],
                "kms_key_self_link": "",
                "mode": "READ_WRITE",
                "source": "https://www.googleapis.com/compute/v1/projects/splendid-sunset-291720/zones/us-central1-b/disks/client"
              }
            ],
            "can_ip_forward": false,
            "confidential_instance_config": [],
            "cpu_platform": "Intel Haswell",
            "current_status": "RUNNING",
            "deletion_protection": false,
            "description": "This is a ldap client",
            "desired_status": null,
            "enable_display": false,
            "guest_accelerator": [],
            "hostname": "",
            "id": "projects/splendid-sunset-291720/zones/us-central1-b/instances/client",
            "instance_id": "2744878069810111544",
            "label_fingerprint": "42WmSpB8rSM=",
            "labels": null,
            "machine_type": "custom-1-2304",
            "metadata": null,
            "metadata_fingerprint": "gtoC6HcQIb4=",
            "metadata_startup_script": "#!/bin/bash\n\nsudo yum -y install openldap-clients nss-pam-ldapd authconfig\nsudo authconfig --enableldap \\\n    --enableldapauth \\\n    --ldapserver=10.5.1.2 \\\n    --ldapbasedn=\"dc=devopsldab,dc=com\" \\\n    --enablemkhomedir \\\n    --update\n\ngetent passwd\n\nsudo systemctl restart  nslcd\n\nsudo sed -i \"s:PasswordAuthentication no:PasswordAuthentication yes:\" /etc/ssh/sshd_config\nsudo systemctl restart sshd",
            "min_cpu_platform": "",
            "name": "client",
            "network_interface": [
              {
                "access_config": [
                  {
                    "nat_ip": "35.223.250.14",
                    "network_tier": "PREMIUM",
                    "public_ptr_domain_name": ""
                  }
                ],
                "alias_ip_range": [],
                "name": "nic0",
                "network": "https://www.googleapis.com/compute/v1/projects/splendid-sunset-291720/global/networks/ldap-network",
                "network_ip": "10.5.1.3",
                "nic_type": "",
                "subnetwork": "https://www.googleapis.com/compute/v1/projects/splendid-sunset-291720/regions/us-central1/subnetworks/ldap-subnetwork",
                "subnetwork_project": "splendid-sunset-291720"
              }
            ],
            "project": "splendid-sunset-291720",
            "resource_policies": null,
            "scheduling": [
              {
                "automatic_restart": true,
                "min_node_cpus": 0,
                "node_affinities": [],
                "on_host_maintenance": "MIGRATE",
                "preemptible": false
              }
            ],
            "scratch_disk": [],
            "self_link": "https://www.googleapis.com/compute/v1/projects/splendid-sunset-291720/zones/us-central1-b/instances/client",
            "service_account": [],
            "shielded_instance_config": [
              {
                "enable_integrity_monitoring": true,
                "enable_secure_boot": false,
                "enable_vtpm": true
              }
            ],
            "tags": [
              "client"
            ],
            "tags_fingerprint": "Lil4YJpUN-c=",
            "timeouts": null,
            "zone": "us-central1-b"
          },
          "sensitive_attributes": [],
          "private": "eyJlMmJmYjczMC1lY2FhLTExZTYtOGY4OC0zNDM2M2JjN2M0YzAiOnsiY3JlYXRlIjoxMjAwMDAwMDAwMDAwLCJkZWxldGUiOjEyMDAwMDAwMDAwMDAsInVwZGF0ZSI6MTIwMDAwMDAwMDAwMH0sInNjaGVtYV92ZXJzaW9uIjoiNiJ9",
          "dependencies": [
            "module.instances.google_compute_instance.server",
            "module.networks.google_compute_network.vpc_network",
            "module.networks.google_compute_subnetwork.vpc_subnetwork"
          ]
        }
      ]
    },
    {
      "module": "module.instances",
      "mode": "managed",
      "type": "google_compute_instance",
      "name": "server",
      "provider": "provider[\"registry.terraform.io/hashicorp/google\"]",
      "instances": [
        {
          "schema_version": 6,
          "attributes": {
            "allow_stopping_for_update": true,
            "attached_disk": [],
            "boot_disk": [
              {
                "auto_delete": true,
                "device_name": "persistent-disk-0",
                "disk_encryption_key_raw": "",
                "disk_encryption_key_sha256": "",
                "initialize_params": [
                  {
                    "image": "https://www.googleapis.com/compute/v1/projects/centos-cloud/global/images/centos-7-v20210401",
                    "labels": {},
                    "size": 20,
                    "type": "pd-ssd"
                  }
                ],
                "kms_key_self_link": "",
                "mode": "READ_WRITE",
                "source": "https://www.googleapis.com/compute/v1/projects/splendid-sunset-291720/zones/us-central1-b/disks/server"
              }
            ],
            "can_ip_forward": false,
            "confidential_instance_config": [],
            "cpu_platform": "Intel Haswell",
            "current_status": "RUNNING",
            "deletion_protection": false,
            "description": "This is a ldap server",
            "desired_status": null,
            "enable_display": false,
            "guest_accelerator": [],
            "hostname": "",
            "id": "projects/splendid-sunset-291720/zones/us-central1-b/instances/server",
            "instance_id": "5120662637164274726",
            "label_fingerprint": "42WmSpB8rSM=",
            "labels": null,
            "machine_type": "custom-1-2304",
            "metadata": null,
            "metadata_fingerprint": "O1YqqS_uCGc=",
            "metadata_startup_script": "#!/bin/bash\n\nsudo yum install -y openldap openldap-servers openldap-clients git\nsudo systemctl start slapd\nsudo systemctl enable slapd\nsudo systemctl status slapd\nsudo firewall-cmd --add-service ldap\n\ngit clone https://github.com/andreyess/ldap-config.git\ncd ldap-config\n\nexport PASSWORD=$(slappasswd -h {SSHA} -s ldppassword)\n\nsed -i \"s:PASSWORD:${PASSWORD}:\" ldaprootpasswd.ldif\n\nsudo ldapadd -Y EXTERNAL -H ldapi:/// -f ldaprootpasswd.ldif\n\nsudo cp /usr/share/openldap-servers/DB_CONFIG.example /var/lib/ldap/DB_CONFIG\nsudo chown -R ldap:ldap /var/lib/ldap/DB_CONFIG\nsudo systemctl restart slapd\nsudo ldapadd -Y EXTERNAL -H ldapi:/// -f /etc/openldap/schema/cosine.ldif\nsudo ldapadd -Y EXTERNAL -H ldapi:/// -f /etc/openldap/schema/nis.ldif\nsudo ldapadd -Y EXTERNAL -H ldapi:/// -f /etc/openldap/schema/inetorgperson.ldif\n\n\nsed -i \"s:PASSWORD:${PASSWORD}:\" ldapdomain.ldif\nsudo ldapmodify -Y EXTERNAL -H ldapi:/// -f ldapdomain.ldif\nsudo ldapadd -x -D cn=Manager,dc=devopsldab,dc=com -w ldppassword -f baseldapdomain.ldif\n\nsudo ldapadd -x -w ldppassword -D \"cn=Manager,dc=devopsldab,dc=com\" -f ldapgroup.ldif\n\n\nsudo ldapadd -x -D cn=Manager,dc=devopsldab,dc=com -w ldppassword -f ldapuser.ldif\nsudo ldappasswd -s password123 -w ldppassword -D \"cn=Manager,dc=devopsldab,dc=com\" -x \"uid=akarpyza,ou=People,dc=devopsldab,dc=com\"\n\n\n# phpldapadmin installation\nsudo yum install -y php-ldap php-mbstring php-pear php-xml epel-release\nsudo yum -y install phpldapadmin\n\nsed -i '397 s://::' /etc/phpldapadmin/config.php\nsed -i '398d' /etc/phpldapadmin/config.php\nsed -i '11 a    Require all granted' /etc/httpd/conf.d/phpldapadmin.conf\n\nsudo systemctl restart httpd",
            "min_cpu_platform": "",
            "name": "server",
            "network_interface": [
              {
                "access_config": [
                  {
                    "nat_ip": "104.154.26.66",
                    "network_tier": "PREMIUM",
                    "public_ptr_domain_name": ""
                  }
                ],
                "alias_ip_range": [],
                "name": "nic0",
                "network": "https://www.googleapis.com/compute/v1/projects/splendid-sunset-291720/global/networks/ldap-network",
                "network_ip": "10.5.1.2",
                "nic_type": "",
                "subnetwork": "https://www.googleapis.com/compute/v1/projects/splendid-sunset-291720/regions/us-central1/subnetworks/ldap-subnetwork",
                "subnetwork_project": "splendid-sunset-291720"
              }
            ],
            "project": "splendid-sunset-291720",
            "resource_policies": null,
            "scheduling": [
              {
                "automatic_restart": true,
                "min_node_cpus": 0,
                "node_affinities": [],
                "on_host_maintenance": "MIGRATE",
                "preemptible": false
              }
            ],
            "scratch_disk": [],
            "self_link": "https://www.googleapis.com/compute/v1/projects/splendid-sunset-291720/zones/us-central1-b/instances/server",
            "service_account": [],
            "shielded_instance_config": [
              {
                "enable_integrity_monitoring": true,
                "enable_secure_boot": false,
                "enable_vtpm": true
              }
            ],
            "tags": [
              "server"
            ],
            "tags_fingerprint": "IX_iEHxGkOc=",
            "timeouts": null,
            "zone": "us-central1-b"
          },
          "sensitive_attributes": [],
          "private": "eyJlMmJmYjczMC1lY2FhLTExZTYtOGY4OC0zNDM2M2JjN2M0YzAiOnsiY3JlYXRlIjoxMjAwMDAwMDAwMDAwLCJkZWxldGUiOjEyMDAwMDAwMDAwMDAsInVwZGF0ZSI6MTIwMDAwMDAwMDAwMH0sInNjaGVtYV92ZXJzaW9uIjoiNiJ9",
          "dependencies": [
            "module.networks.google_compute_network.vpc_network",
            "module.networks.google_compute_subnetwork.vpc_subnetwork"
          ]
        }
      ]
    },
    {
      "module": "module.networks",
      "mode": "managed",
      "type": "google_compute_firewall",
      "name": "internal_firewall",
      "provider": "provider[\"registry.terraform.io/hashicorp/google\"]",
      "instances": [
        {
          "schema_version": 1,
          "attributes": {
            "allow": [
              {
                "ports": [
                  "0-65000"
                ],
                "protocol": "tcp"
              }
            ],
            "creation_timestamp": "2021-04-02T06:23:07.989-07:00",
            "deny": [],
            "description": "This firewall configuration is used for http-connections from external http-lb to nginx-server",
            "destination_ranges": [],
            "direction": "INGRESS",
            "disabled": false,
            "enable_logging": null,
            "id": "projects/splendid-sunset-291720/global/firewalls/server-internal-firewall",
            "log_config": [],
            "name": "server-internal-firewall",
            "network": "https://www.googleapis.com/compute/v1/projects/splendid-sunset-291720/global/networks/ldap-network",
            "priority": 1000,
            "project": "splendid-sunset-291720",
            "self_link": "https://www.googleapis.com/compute/v1/projects/splendid-sunset-291720/global/firewalls/server-internal-firewall",
            "source_ranges": [
              "10.5.1.0/24"
            ],
            "source_service_accounts": null,
            "source_tags": null,
            "target_service_accounts": null,
            "target_tags": [
              "client",
              "server"
            ],
            "timeouts": null
          },
          "sensitive_attributes": [],
          "private": "eyJlMmJmYjczMC1lY2FhLTExZTYtOGY4OC0zNDM2M2JjN2M0YzAiOnsiY3JlYXRlIjoyNDAwMDAwMDAwMDAsImRlbGV0ZSI6MjQwMDAwMDAwMDAwLCJ1cGRhdGUiOjI0MDAwMDAwMDAwMH0sInNjaGVtYV92ZXJzaW9uIjoiMSJ9",
          "dependencies": [
            "module.networks.google_compute_network.vpc_network"
          ]
        }
      ]
    },
    {
      "module": "module.networks",
      "mode": "managed",
      "type": "google_compute_firewall",
      "name": "server_firewall",
      "provider": "provider[\"registry.terraform.io/hashicorp/google\"]",
      "instances": [
        {
          "schema_version": 1,
          "attributes": {
            "allow": [
              {
                "ports": [
                  "80",
                  "22"
                ],
                "protocol": "tcp"
              }
            ],
            "creation_timestamp": "2021-04-02T06:23:07.988-07:00",
            "deny": [],
            "description": "This firewall configuration is used for http-connections from external http-lb to nginx-server",
            "destination_ranges": [],
            "direction": "INGRESS",
            "disabled": false,
            "enable_logging": null,
            "id": "projects/splendid-sunset-291720/global/firewalls/server-firewall",
            "log_config": [],
            "name": "server-firewall",
            "network": "https://www.googleapis.com/compute/v1/projects/splendid-sunset-291720/global/networks/ldap-network",
            "priority": 1000,
            "project": "splendid-sunset-291720",
            "self_link": "https://www.googleapis.com/compute/v1/projects/splendid-sunset-291720/global/firewalls/server-firewall",
            "source_ranges": [
              "0.0.0.0/0"
            ],
            "source_service_accounts": null,
            "source_tags": null,
            "target_service_accounts": null,
            "target_tags": [
              "client",
              "server"
            ],
            "timeouts": null
          },
          "sensitive_attributes": [],
          "private": "eyJlMmJmYjczMC1lY2FhLTExZTYtOGY4OC0zNDM2M2JjN2M0YzAiOnsiY3JlYXRlIjoyNDAwMDAwMDAwMDAsImRlbGV0ZSI6MjQwMDAwMDAwMDAwLCJ1cGRhdGUiOjI0MDAwMDAwMDAwMH0sInNjaGVtYV92ZXJzaW9uIjoiMSJ9",
          "dependencies": [
            "module.networks.google_compute_network.vpc_network"
          ]
        }
      ]
    },
    {
      "module": "module.networks",
      "mode": "managed",
      "type": "google_compute_network",
      "name": "vpc_network",
      "provider": "provider[\"registry.terraform.io/hashicorp/google\"]",
      "instances": [
        {
          "schema_version": 0,
          "attributes": {
            "auto_create_subnetworks": false,
            "delete_default_routes_on_create": false,
            "description": "This is the main network of our project",
            "gateway_ipv4": "",
            "id": "projects/splendid-sunset-291720/global/networks/ldap-network",
            "mtu": 0,
            "name": "ldap-network",
            "project": "splendid-sunset-291720",
            "routing_mode": "REGIONAL",
            "self_link": "https://www.googleapis.com/compute/v1/projects/splendid-sunset-291720/global/networks/ldap-network",
            "timeouts": null
          },
          "sensitive_attributes": [],
          "private": "eyJlMmJmYjczMC1lY2FhLTExZTYtOGY4OC0zNDM2M2JjN2M0YzAiOnsiY3JlYXRlIjoyNDAwMDAwMDAwMDAsImRlbGV0ZSI6MjQwMDAwMDAwMDAwLCJ1cGRhdGUiOjI0MDAwMDAwMDAwMH19"
        }
      ]
    },
    {
      "module": "module.networks",
      "mode": "managed",
      "type": "google_compute_subnetwork",
      "name": "vpc_subnetwork",
      "provider": "provider[\"registry.terraform.io/hashicorp/google\"]",
      "instances": [
        {
          "schema_version": 0,
          "attributes": {
            "creation_timestamp": "2021-04-02T06:23:08.156-07:00",
            "description": "This is subnetwork of our project",
            "fingerprint": null,
            "gateway_address": "10.5.1.1",
            "id": "projects/splendid-sunset-291720/regions/us-central1/subnetworks/ldap-subnetwork",
            "ip_cidr_range": "10.5.1.0/24",
            "log_config": [],
            "name": "ldap-subnetwork",
            "network": "https://www.googleapis.com/compute/v1/projects/splendid-sunset-291720/global/networks/ldap-network",
            "private_ip_google_access": false,
            "private_ipv6_google_access": "DISABLE_GOOGLE_ACCESS",
            "project": "splendid-sunset-291720",
            "region": "us-central1",
            "secondary_ip_range": [],
            "self_link": "https://www.googleapis.com/compute/v1/projects/splendid-sunset-291720/regions/us-central1/subnetworks/ldap-subnetwork",
            "timeouts": null
          },
          "sensitive_attributes": [],
          "private": "eyJlMmJmYjczMC1lY2FhLTExZTYtOGY4OC0zNDM2M2JjN2M0YzAiOnsiY3JlYXRlIjozNjAwMDAwMDAwMDAsImRlbGV0ZSI6MzYwMDAwMDAwMDAwLCJ1cGRhdGUiOjM2MDAwMDAwMDAwMH19",
          "dependencies": [
            "module.networks.google_compute_network.vpc_network"
          ]
        }
      ]
    }
  ]
}
